// !$*UTF8*$!
{
	archiveVersion = 1;
	classes = {
	};
	objectVersion = 50;
	objects = {

/* Begin PBXBuildFile section */
		B693D76724CD300700146D00 /* iDineApp.swift in Sources */ = {isa = PBXBuildFile; fileRef = B693D76624CD300700146D00 /* iDineApp.swift */; };
		B693D76924CD300700146D00 /* ContentView.swift in Sources */ = {isa = PBXBuildFile; fileRef = B693D76824CD300700146D00 /* ContentView.swift */; };
		B693D76B24CD300900146D00 /* Assets.xcassets in Resources */ = {isa = PBXBuildFile; fileRef = B693D76A24CD300900146D00 /* Assets.xcassets */; };
		B693D76E24CD300900146D00 /* Preview Assets.xcassets in Resources */ = {isa = PBXBuildFile; fileRef = B693D76D24CD300900146D00 /* Preview Assets.xcassets */; };
		B693D77924CD300900146D00 /* iDineTests.swift in Sources */ = {isa = PBXBuildFile; fileRef = B693D77824CD300900146D00 /* iDineTests.swift */; };
		B693D78424CD300900146D00 /* iDineUITests.swift in Sources */ = {isa = PBXBuildFile; fileRef = B693D78324CD300900146D00 /* iDineUITests.swift */; };
		B693D79224CD304400146D00 /* Order.swift in Sources */ = {isa = PBXBuildFile; fileRef = B693D79124CD304400146D00 /* Order.swift */; };
		B693D79424CD304900146D00 /* Menu.swift in Sources */ = {isa = PBXBuildFile; fileRef = B693D79324CD304900146D00 /* Menu.swift */; };
		B693D79624CD304E00146D00 /* menu.json in Resources */ = {isa = PBXBuildFile; fileRef = B693D79524CD304E00146D00 /* menu.json */; };
		B693D79824CD305400146D00 /* Helper.swift in Sources */ = {isa = PBXBuildFile; fileRef = B693D79724CD305400146D00 /* Helper.swift */; };
		B693D79A24CD34A200146D00 /* ItemRow.swift in Sources */ = {isa = PBXBuildFile; fileRef = B693D79924CD34A200146D00 /* ItemRow.swift */; };
		B693D79C24CD3A7100146D00 /* ItemDetail.swift in Sources */ = {isa = PBXBuildFile; fileRef = B693D79B24CD3A7100146D00 /* ItemDetail.swift */; };
/* End PBXBuildFile section */

/* Begin PBXContainerItemProxy section */
		B693D77524CD300900146D00 /* PBXContainerItemProxy */ = {
			isa = PBXContainerItemProxy;
			containerPortal = B693D75B24CD300700146D00 /* Project object */;
			proxyType = 1;
			remoteGlobalIDString = B693D76224CD300700146D00;
			remoteInfo = iDine;
		};
		B693D78024CD300900146D00 /* PBXContainerItemProxy */ = {
			isa = PBXContainerItemProxy;
			containerPortal = B693D75B24CD300700146D00 /* Project object */;
			proxyType = 1;
			remoteGlobalIDString = B693D76224CD300700146D00;
			remoteInfo = iDine;
		};
/* End PBXContainerItemProxy section */

/* Begin PBXFileReference section */
		B693D76324CD300700146D00 /* iDine.app */ = {isa = PBXFileReference; explicitFileType = wrapper.application; includeInIndex = 0; path = iDine.app; sourceTree = BUILT_PRODUCTS_DIR; };
		B693D76624CD300700146D00 /* iDineApp.swift */ = {isa = PBXFileReference; lastKnownFileType = sourcecode.swift; path = iDineApp.swift; sourceTree = "<group>"; };
		B693D76824CD300700146D00 /* ContentView.swift */ = {isa = PBXFileReference; lastKnownFileType = sourcecode.swift; path = ContentView.swift; sourceTree = "<group>"; };
		B693D76A24CD300900146D00 /* Assets.xcassets */ = {isa = PBXFileReference; lastKnownFileType = folder.assetcatalog; path = Assets.xcassets; sourceTree = "<group>"; };
		B693D76D24CD300900146D00 /* Preview Assets.xcassets */ = {isa = PBXFileReference; lastKnownFileType = folder.assetcatalog; path = "Preview Assets.xcassets"; sourceTree = "<group>"; };
		B693D76F24CD300900146D00 /* Info.plist */ = {isa = PBXFileReference; lastKnownFileType = text.plist.xml; path = Info.plist; sourceTree = "<group>"; };
		B693D77424CD300900146D00 /* iDineTests.xctest */ = {isa = PBXFileReference; explicitFileType = wrapper.cfbundle; includeInIndex = 0; path = iDineTests.xctest; sourceTree = BUILT_PRODUCTS_DIR; };
		B693D77824CD300900146D00 /* iDineTests.swift */ = {isa = PBXFileReference; lastKnownFileType = sourcecode.swift; path = iDineTests.swift; sourceTree = "<group>"; };
		B693D77A24CD300900146D00 /* Info.plist */ = {isa = PBXFileReference; lastKnownFileType = text.plist.xml; path = Info.plist; sourceTree = "<group>"; };
		B693D77F24CD300900146D00 /* iDineUITests.xctest */ = {isa = PBXFileReference; explicitFileType = wrapper.cfbundle; includeInIndex = 0; path = iDineUITests.xctest; sourceTree = BUILT_PRODUCTS_DIR; };
		B693D78324CD300900146D00 /* iDineUITests.swift */ = {isa = PBXFileReference; lastKnownFileType = sourcecode.swift; path = iDineUITests.swift; sourceTree = "<group>"; };
		B693D78524CD300900146D00 /* Info.plist */ = {isa = PBXFileReference; lastKnownFileType = text.plist.xml; path = Info.plist; sourceTree = "<group>"; };
		B693D79124CD304400146D00 /* Order.swift */ = {isa = PBXFileReference; fileEncoding = 4; lastKnownFileType = sourcecode.swift; path = Order.swift; sourceTree = "<group>"; };
		B693D79324CD304900146D00 /* Menu.swift */ = {isa = PBXFileReference; fileEncoding = 4; lastKnownFileType = sourcecode.swift; path = Menu.swift; sourceTree = "<group>"; };
		B693D79524CD304E00146D00 /* menu.json */ = {isa = PBXFileReference; fileEncoding = 4; lastKnownFileType = text.json; path = menu.json; sourceTree = "<group>"; };
		B693D79724CD305400146D00 /* Helper.swift */ = {isa = PBXFileReference; fileEncoding = 4; lastKnownFileType = sourcecode.swift; path = Helper.swift; sourceTree = "<group>"; };
		B693D79924CD34A200146D00 /* ItemRow.swift */ = {isa = PBXFileReference; lastKnownFileType = sourcecode.swift; path = ItemRow.swift; sourceTree = "<group>"; };
		B693D79B24CD3A7100146D00 /* ItemDetail.swift */ = {isa = PBXFileReference; lastKnownFileType = sourcecode.swift; path = ItemDetail.swift; sourceTree = "<group>"; };
/* End PBXFileReference section */

/* Begin PBXFrameworksBuildPhase section */
		B693D76024CD300700146D00 /* Frameworks */ = {
			isa = PBXFrameworksBuildPhase;
			buildActionMask = 2147483647;
			files = (
			);
			runOnlyForDeploymentPostprocessing = 0;
		};
		B693D77124CD300900146D00 /* Frameworks */ = {
			isa = PBXFrameworksBuildPhase;
			buildActionMask = 2147483647;
			files = (
			);
			runOnlyForDeploymentPostprocessing = 0;
		};
		B693D77C24CD300900146D00 /* Frameworks */ = {
			isa = PBXFrameworksBuildPhase;
			buildActionMask = 2147483647;
			files = (
			);
			runOnlyForDeploymentPostprocessing = 0;
		};
/* End PBXFrameworksBuildPhase section */

/* Begin PBXGroup section */
		B693D75A24CD300700146D00 = {
			isa = PBXGroup;
			children = (
				B693D76524CD300700146D00 /* iDine */,
				B693D77724CD300900146D00 /* iDineTests */,
				B693D78224CD300900146D00 /* iDineUITests */,
				B693D76424CD300700146D00 /* Products */,
			);
			sourceTree = "<group>";
		};
		B693D76424CD300700146D00 /* Products */ = {
			isa = PBXGroup;
			children = (
				B693D76324CD300700146D00 /* iDine.app */,
				B693D77424CD300900146D00 /* iDineTests.xctest */,
				B693D77F24CD300900146D00 /* iDineUITests.xctest */,
			);
			name = Products;
			sourceTree = "<group>";
		};
		B693D76524CD300700146D00 /* iDine */ = {
			isa = PBXGroup;
			children = (
				B693D76624CD300700146D00 /* iDineApp.swift */,
				B693D76824CD300700146D00 /* ContentView.swift */,
				B693D79924CD34A200146D00 /* ItemRow.swift */,
				B693D79B24CD3A7100146D00 /* ItemDetail.swift */,
				B693D79124CD304400146D00 /* Order.swift */,
				B693D79324CD304900146D00 /* Menu.swift */,
				B693D79524CD304E00146D00 /* menu.json */,
				B693D79724CD305400146D00 /* Helper.swift */,
				B693D76A24CD300900146D00 /* Assets.xcassets */,
				B693D76F24CD300900146D00 /* Info.plist */,
				B693D76C24CD300900146D00 /* Preview Content */,
			);
			path = iDine;
			sourceTree = "<group>";
		};
		B693D76C24CD300900146D00 /* Preview Content */ = {
			isa = PBXGroup;
			children = (
				B693D76D24CD300900146D00 /* Preview Assets.xcassets */,
			);
			path = "Preview Content";
			sourceTree = "<group>";
		};
		B693D77724CD300900146D00 /* iDineTests */ = {
			isa = PBXGroup;
			children = (
				B693D77824CD300900146D00 /* iDineTests.swift */,
				B693D77A24CD300900146D00 /* Info.plist */,
			);
			path = iDineTests;
			sourceTree = "<group>";
		};
		B693D78224CD300900146D00 /* iDineUITests */ = {
			isa = PBXGroup;
			children = (
				B693D78324CD300900146D00 /* iDineUITests.swift */,
				B693D78524CD300900146D00 /* Info.plist */,
			);
			path = iDineUITests;
			sourceTree = "<group>";
		};
/* End PBXGroup section */

/* Begin PBXNativeTarget section */
		B693D76224CD300700146D00 /* iDine */ = {
			isa = PBXNativeTarget;
			buildConfigurationList = B693D78824CD300900146D00 /* Build configuration list for PBXNativeTarget "iDine" */;
			buildPhases = (
				B693D75F24CD300700146D00 /* Sources */,
				B693D76024CD300700146D00 /* Frameworks */,
				B693D76124CD300700146D00 /* Resources */,
			);
			buildRules = (
			);
			dependencies = (
			);
			name = iDine;
			productName = iDine;
			productReference = B693D76324CD300700146D00 /* iDine.app */;
			productType = "com.apple.product-type.application";
		};
		B693D77324CD300900146D00 /* iDineTests */ = {
			isa = PBXNativeTarget;
			buildConfigurationList = B693D78B24CD300900146D00 /* Build configuration list for PBXNativeTarget "iDineTests" */;
			buildPhases = (
				B693D77024CD300900146D00 /* Sources */,
				B693D77124CD300900146D00 /* Frameworks */,
				B693D77224CD300900146D00 /* Resources */,
			);
			buildRules = (
			);
			dependencies = (
				B693D77624CD300900146D00 /* PBXTargetDependency */,
			);
			name = iDineTests;
			productName = iDineTests;
			productReference = B693D77424CD300900146D00 /* iDineTests.xctest */;
			productType = "com.apple.product-type.bundle.unit-test";
		};
		B693D77E24CD300900146D00 /* iDineUITests */ = {
			isa = PBXNativeTarget;
			buildConfigurationList = B693D78E24CD300900146D00 /* Build configuration list for PBXNativeTarget "iDineUITests" */;
			buildPhases = (
				B693D77B24CD300900146D00 /* Sources */,
				B693D77C24CD300900146D00 /* Frameworks */,
				B693D77D24CD300900146D00 /* Resources */,
			);
			buildRules = (
			);
			dependencies = (
				B693D78124CD300900146D00 /* PBXTargetDependency */,
			);
			name = iDineUITests;
			productName = iDineUITests;
			productReference = B693D77F24CD300900146D00 /* iDineUITests.xctest */;
			productType = "com.apple.product-type.bundle.ui-testing";
		};
/* End PBXNativeTarget section */

/* Begin PBXProject section */
		B693D75B24CD300700146D00 /* Project object */ = {
			isa = PBXProject;
			attributes = {
				LastSwiftUpdateCheck = 1200;
				LastUpgradeCheck = 1200;
				TargetAttributes = {
					B693D76224CD300700146D00 = {
						CreatedOnToolsVersion = 12.0;
					};
					B693D77324CD300900146D00 = {
						CreatedOnToolsVersion = 12.0;
						TestTargetID = B693D76224CD300700146D00;
					};
					B693D77E24CD300900146D00 = {
						CreatedOnToolsVersion = 12.0;
						TestTargetID = B693D76224CD300700146D00;
					};
				};
			};
			buildConfigurationList = B693D75E24CD300700146D00 /* Build configuration list for PBXProject "iDine" */;
			compatibilityVersion = "Xcode 9.3";
			developmentRegion = en;
			hasScannedForEncodings = 0;
			knownRegions = (
				en,
				Base,
			);
			mainGroup = B693D75A24CD300700146D00;
			productRefGroup = B693D76424CD300700146D00 /* Products */;
			projectDirPath = "";
			projectRoot = "";
			targets = (
				B693D76224CD300700146D00 /* iDine */,
				B693D77324CD300900146D00 /* iDineTests */,
				B693D77E24CD300900146D00 /* iDineUITests */,
			);
		};
/* End PBXProject section */

/* Begin PBXResourcesBuildPhase section */
		B693D76124CD300700146D00 /* Resources */ = {
			isa = PBXResourcesBuildPhase;
			buildActionMask = 2147483647;
			files = (
				B693D79624CD304E00146D00 /* menu.json in Resources */,
				B693D76E24CD300900146D00 /* Preview Assets.xcassets in Resources */,
				B693D76B24CD300900146D00 /* Assets.xcassets in Resources */,
			);
			runOnlyForDeploymentPostprocessing = 0;
		};
		B693D77224CD300900146D00 /* Resources */ = {
			isa = PBXResourcesBuildPhase;
			buildActionMask = 2147483647;
			files = (
			);
			runOnlyForDeploymentPostprocessing = 0;
		};
		B693D77D24CD300900146D00 /* Resources */ = {
			isa = PBXResourcesBuildPhase;
			buildActionMask = 2147483647;
			files = (
			);
			runOnlyForDeploymentPostprocessing = 0;
		};
/* End PBXResourcesBuildPhase section */

/* Begin PBXSourcesBuildPhase section */
		B693D75F24CD300700146D00 /* Sources */ = {
			isa = PBXSourcesBuildPhase;
			buildActionMask = 2147483647;
			files = (
				B693D79C24CD3A7100146D00 /* ItemDetail.swift in Sources */,
				B693D79224CD304400146D00 /* Order.swift in Sources */,
				B693D76924CD300700146D00 /* ContentView.swift in Sources */,
				B693D79824CD305400146D00 /* Helper.swift in Sources */,
				B693D79A24CD34A200146D00 /* ItemRow.swift in Sources */,
				B693D79424CD304900146D00 /* Menu.swift in Sources */,
				B693D76724CD300700146D00 /* iDineApp.swift in Sources */,
			);
			runOnlyForDeploymentPostprocessing = 0;
		};
		B693D77024CD300900146D00 /* Sources */ = {
			isa = PBXSourcesBuildPhase;
			buildActionMask = 2147483647;
			files = (
				B693D77924CD300900146D00 /* iDineTests.swift in Sources */,
			);
			runOnlyForDeploymentPostprocessing = 0;
		};
		B693D77B24CD300900146D00 /* Sources */ = {
			isa = PBXSourcesBuildPhase;
			buildActionMask = 2147483647;
			files = (
				B693D78424CD300900146D00 /* iDineUITests.swift in Sources */,
			);
			runOnlyForDeploymentPostprocessing = 0;
		};
/* End PBXSourcesBuildPhase section */

/* Begin PBXTargetDependency section */
		B693D77624CD300900146D00 /* PBXTargetDependency */ = {
			isa = PBXTargetDependency;
			target = B693D76224CD300700146D00 /* iDine */;
			targetProxy = B693D77524CD300900146D00 /* PBXContainerItemProxy */;
		};
		B693D78124CD300900146D00 /* PBXTargetDependency */ = {
			isa = PBXTargetDependency;
			target = B693D76224CD300700146D00 /* iDine */;
			targetProxy = B693D78024CD300900146D00 /* PBXContainerItemProxy */;
		};
/* End PBXTargetDependency section */

/* Begin XCBuildConfiguration section */
		B693D78624CD300900146D00 /* Debug */ = {
			isa = XCBuildConfiguration;
			buildSettings = {
				ALWAYS_SEARCH_USER_PATHS = NO;
				CLANG_ANALYZER_NONNULL = YES;
				CLANG_ANALYZER_NUMBER_OBJECT_CONVERSION = YES_AGGRESSIVE;
				CLANG_CXX_LANGUAGE_STANDARD = "gnu++14";
				CLANG_CXX_LIBRARY = "libc++";
				CLANG_ENABLE_MODULES = YES;
				CLANG_ENABLE_OBJC_ARC = YES;
				CLANG_ENABLE_OBJC_WEAK = YES;
				CLANG_WARN_BLOCK_CAPTURE_AUTORELEASING = YES;
				CLANG_WARN_BOOL_CONVERSION = YES;
				CLANG_WARN_COMMA = YES;
				CLANG_WARN_CONSTANT_CONVERSION = YES;
				CLANG_WARN_DEPRECATED_OBJC_IMPLEMENTATIONS = YES;
				CLANG_WARN_DIRECT_OBJC_ISA_USAGE = YES_ERROR;
				CLANG_WARN_DOCUMENTATION_COMMENTS = YES;
				CLANG_WARN_EMPTY_BODY = YES;
				CLANG_WARN_ENUM_CONVERSION = YES;
				CLANG_WARN_INFINITE_RECURSION = YES;
				CLANG_WARN_INT_CONVERSION = YES;
				CLANG_WARN_NON_LITERAL_NULL_CONVERSION = YES;
				CLANG_WARN_OBJC_IMPLICIT_RETAIN_SELF = YES;
				CLANG_WARN_OBJC_LITERAL_CONVERSION = YES;
				CLANG_WARN_OBJC_ROOT_CLASS = YES_ERROR;
				CLANG_WARN_QUOTED_INCLUDE_IN_FRAMEWORK_HEADER = YES;
				CLANG_WARN_RANGE_LOOP_ANALYSIS = YES;
				CLANG_WARN_STRICT_PROTOTYPES = YES;
				CLANG_WARN_SUSPICIOUS_MOVE = YES;
				CLANG_WARN_UNGUARDED_AVAILABILITY = YES_AGGRESSIVE;
				CLANG_WARN_UNREACHABLE_CODE = YES;
				CLANG_WARN__DUPLICATE_METHOD_MATCH = YES;
				COPY_PHASE_STRIP = NO;
				DEBUG_INFORMATION_FORMAT = dwarf;
				ENABLE_STRICT_OBJC_MSGSEND = YES;
				ENABLE_TESTABILITY = YES;
				GCC_C_LANGUAGE_STANDARD = gnu11;
				GCC_DYNAMIC_NO_PIC = NO;
				GCC_NO_COMMON_BLOCKS = YES;
				GCC_OPTIMIZATION_LEVEL = 0;
				GCC_PREPROCESSOR_DEFINITIONS = (
					"DEBUG=1",
					"$(inherited)",
				);
				GCC_WARN_64_TO_32_BIT_CONVERSION = YES;
				GCC_WARN_ABOUT_RETURN_TYPE = YES_ERROR;
				GCC_WARN_UNDECLARED_SELECTOR = YES;
				GCC_WARN_UNINITIALIZED_AUTOS = YES_AGGRESSIVE;
				GCC_WARN_UNUSED_FUNCTION = YES;
				GCC_WARN_UNUSED_VARIABLE = YES;
				IPHONEOS_DEPLOYMENT_TARGET = 14.0;
				MTL_ENABLE_DEBUG_INFO = INCLUDE_SOURCE;
				MTL_FAST_MATH = YES;
				ONLY_ACTIVE_ARCH = YES;
				SDKROOT = iphoneos;
				SWIFT_ACTIVE_COMPILATION_CONDITIONS = DEBUG;
				SWIFT_OPTIMIZATION_LEVEL = "-Onone";
			};
			name = Debug;
		};
		B693D78724CD300900146D00 /* Release */ = {
			isa = XCBuildConfiguration;
			buildSettings = {
				ALWAYS_SEARCH_USER_PATHS = NO;
				CLANG_ANALYZER_NONNULL = YES;
				CLANG_ANALYZER_NUMBER_OBJECT_CONVERSION = YES_AGGRESSIVE;
				CLANG_CXX_LANGUAGE_STANDARD = "gnu++14";
				CLANG_CXX_LIBRARY = "libc++";
				CLANG_ENABLE_MODULES = YES;
				CLANG_ENABLE_OBJC_ARC = YES;
				CLANG_ENABLE_OBJC_WEAK = YES;
				CLANG_WARN_BLOCK_CAPTURE_AUTORELEASING = YES;
				CLANG_WARN_BOOL_CONVERSION = YES;
				CLANG_WARN_COMMA = YES;
				CLANG_WARN_CONSTANT_CONVERSION = YES;
				CLANG_WARN_DEPRECATED_OBJC_IMPLEMENTATIONS = YES;
				CLANG_WARN_DIRECT_OBJC_ISA_USAGE = YES_ERROR;
				CLANG_WARN_DOCUMENTATION_COMMENTS = YES;
				CLANG_WARN_EMPTY_BODY = YES;
				CLANG_WARN_ENUM_CONVERSION = YES;
				CLANG_WARN_INFINITE_RECURSION = YES;
				CLANG_WARN_INT_CONVERSION = YES;
				CLANG_WARN_NON_LITERAL_NULL_CONVERSION = YES;
				CLANG_WARN_OBJC_IMPLICIT_RETAIN_SELF = YES;
				CLANG_WARN_OBJC_LITERAL_CONVERSION = YES;
				CLANG_WARN_OBJC_ROOT_CLASS = YES_ERROR;
				CLANG_WARN_QUOTED_INCLUDE_IN_FRAMEWORK_HEADER = YES;
				CLANG_WARN_RANGE_LOOP_ANALYSIS = YES;
				CLANG_WARN_STRICT_PROTOTYPES = YES;
				CLANG_WARN_SUSPICIOUS_MOVE = YES;
				CLANG_WARN_UNGUARDED_AVAILABILITY = YES_AGGRESSIVE;
				CLANG_WARN_UNREACHABLE_CODE = YES;
				CLANG_WARN__DUPLICATE_METHOD_MATCH = YES;
				COPY_PHASE_STRIP = NO;
				DEBUG_INFORMATION_FORMAT = "dwarf-with-dsym";
				ENABLE_NS_ASSERTIONS = NO;
				ENABLE_STRICT_OBJC_MSGSEND = YES;
				GCC_C_LANGUAGE_STANDARD = gnu11;
				GCC_NO_COMMON_BLOCKS = YES;
				GCC_WARN_64_TO_32_BIT_CONVERSION = YES;
				GCC_WARN_ABOUT_RETURN_TYPE = YES_ERROR;
				GCC_WARN_UNDECLARED_SELECTOR = YES;
				GCC_WARN_UNINITIALIZED_AUTOS = YES_AGGRESSIVE;
				GCC_WARN_UNUSED_FUNCTION = YES;
				GCC_WARN_UNUSED_VARIABLE = YES;
				IPHONEOS_DEPLOYMENT_TARGET = 14.0;
				MTL_ENABLE_DEBUG_INFO = NO;
				MTL_FAST_MATH = YES;
				SDKROOT = iphoneos;
				SWIFT_COMPILATION_MODE = wholemodule;
				SWIFT_OPTIMIZATION_LEVEL = "-O";
				VALIDATE_PRODUCT = YES;
			};
			name = Release;
		};
		B693D78924CD300900146D00 /* Debug */ = {
			isa = XCBuildConfiguration;
			buildSettings = {
				ASSETCATALOG_COMPILER_APPICON_NAME = AppIcon;
				ASSETCATALOG_COMPILER_GLOBAL_ACCENT_COLOR_NAME = AccentColor;
				CODE_SIGN_STYLE = Automatic;
				DEVELOPMENT_ASSET_PATHS = "\"iDine/Preview Content\"";
				DEVELOPMENT_TEAM = 4939K9623X;
				ENABLE_PREVIEWS = YES;
				INFOPLIST_FILE = iDine/Info.plist;
				IPHONEOS_DEPLOYMENT_TARGET = 14.0;
				LD_RUNPATH_SEARCH_PATHS = (
					"$(inherited)",
					"@executable_path/Frameworks",
				);
				PRODUCT_BUNDLE_IDENTIFIER = com.nick.iDine;
				PRODUCT_NAME = "$(TARGET_NAME)";
				SWIFT_VERSION = 5.0;
				TARGETED_DEVICE_FAMILY = "1,2";
			};
			name = Debug;
		};
		B693D78A24CD300900146D00 /* Release */ = {
			isa = XCBuildConfiguration;
			buildSettings = {
				ASSETCATALOG_COMPILER_APPICON_NAME = AppIcon;
				ASSETCATALOG_COMPILER_GLOBAL_ACCENT_COLOR_NAME = AccentColor;
				CODE_SIGN_STYLE = Automatic;
				DEVELOPMENT_ASSET_PATHS = "\"iDine/Preview Content\"";
				DEVELOPMENT_TEAM = 4939K9623X;
				ENABLE_PREVIEWS = YES;
				INFOPLIST_FILE = iDine/Info.plist;
				IPHONEOS_DEPLOYMENT_TARGET = 14.0;
				LD_RUNPATH_SEARCH_PATHS = (
					"$(inherited)",
					"@executable_path/Frameworks",
				);
				PRODUCT_BUNDLE_IDENTIFIER = com.nick.iDine;
				PRODUCT_NAME = "$(TARGET_NAME)";
				SWIFT_VERSION = 5.0;
				TARGETED_DEVICE_FAMILY = "1,2";
			};
			name = Release;
		};
		B693D78C24CD300900146D00 /* Debug */ = {
			isa = XCBuildConfiguration;
			buildSettings = {
				ALWAYS_EMBED_SWIFT_STANDARD_LIBRARIES = YES;
				BUNDLE_LOADER = "$(TEST_HOST)";
				CODE_SIGN_STYLE = Automatic;
				DEVELOPMENT_TEAM = 4939K9623X;
				INFOPLIST_FILE = iDineTests/Info.plist;
				IPHONEOS_DEPLOYMENT_TARGET = 14.0;
				LD_RUNPATH_SEARCH_PATHS = (
					"$(inherited)",
					"@executable_path/Frameworks",
					"@loader_path/Frameworks",
				);
				PRODUCT_BUNDLE_IDENTIFIER = com.nick.iDineTests;
				PRODUCT_NAME = "$(TARGET_NAME)";
				SWIFT_VERSION = 5.0;
				TARGETED_DEVICE_FAMILY = "1,2";
				TEST_HOST = "$(BUILT_PRODUCTS_DIR)/iDine.app/iDine";
			};
			name = Debug;
		};
		B693D78D24CD300900146D00 /* Release */ = {
			isa = XCBuildConfiguration;
			buildSettings = {
				ALWAYS_EMBED_SWIFT_STANDARD_LIBRARIES = YES;
				BUNDLE_LOADER = "$(TEST_HOST)";
				CODE_SIGN_STYLE = Automatic;
				DEVELOPMENT_TEAM = 4939K9623X;
				INFOPLIST_FILE = iDineTests/Info.plist;
				IPHONEOS_DEPLOYMENT_TARGET = 14.0;
				LD_RUNPATH_SEARCH_PATHS = (
					"$(inherited)",
					"@executable_path/Frameworks",
					"@loader_path/Frameworks",
				);
				PRODUCT_BUNDLE_IDENTIFIER = com.nick.iDineTests;
				PRODUCT_NAME = "$(TARGET_NAME)";
				SWIFT_VERSION = 5.0;
				TARGETED_DEVICE_FAMILY = "1,2";
				TEST_HOST = "$(BUILT_PRODUCTS_DIR)/iDine.app/iDine";
			};
			name = Release;
		};
		B693D78F24CD300900146D00 /* Debug */ = {
			isa = XCBuildConfiguration;
			buildSettings = {
				ALWAYS_EMBED_SWIFT_STANDARD_LIBRARIES = YES;
				CODE_SIGN_STYLE = Automatic;
				DEVELOPMENT_TEAM = 4939K9623X;
				INFOPLIST_FILE = iDineUITests/Info.plist;
				LD_RUNPATH_SEARCH_PATHS = (
					"$(inherited)",
					"@executable_path/Frameworks",
					"@loader_path/Frameworks",
				);
				PRODUCT_BUNDLE_IDENTIFIER = com.nick.iDineUITests;
				PRODUCT_NAME = "$(TARGET_NAME)";
				SWIFT_VERSION = 5.0;
				TARGETED_DEVICE_FAMILY = "1,2";
				TEST_TARGET_NAME = iDine;
			};
			name = Debug;
		};
		B693D79024CD300900146D00 /* Release */ = {
			isa = XCBuildConfiguration;
			buildSettings = {
				ALWAYS_EMBED_SWIFT_STANDARD_LIBRARIES = YES;
				CODE_SIGN_STYLE = Automatic;
				DEVELOPMENT_TEAM = 4939K9623X;
				INFOPLIST_FILE = iDineUITests/Info.plist;
				LD_RUNPATH_SEARCH_PATHS = (
					"$(inherited)",
					"@executable_path/Frameworks",
					"@loader_path/Frameworks",
				);
				PRODUCT_BUNDLE_IDENTIFIER = com.nick.iDineUITests;
				PRODUCT_NAME = "$(TARGET_NAME)";
				SWIFT_VERSION = 5.0;
				TARGETED_DEVICE_FAMILY = "1,2";
				TEST_TARGET_NAME = iDine;
			};
			name = Release;
		};
/* End XCBuildConfiguration section */

/* Begin XCConfigurationList section */
		B693D75E24CD300700146D00 /* Build configuration list for PBXProject "iDine" */ = {
			isa = XCConfigurationList;
			buildConfigurations = (
				B693D78624CD300900146D00 /* Debug */,
				B693D78724CD300900146D00 /* Release */,
			);
			defaultConfigurationIsVisible = 0;
			defaultConfigurationName = Release;
		};
		B693D78824CD300900146D00 /* Build configuration list for PBXNativeTarget "iDine" */ = {
			isa = XCConfigurationList;
			buildConfigurations = (
				B693D78924CD300900146D00 /* Debug */,
				B693D78A24CD300900146D00 /* Release */,
			);
			defaultConfigurationIsVisible = 0;
			defaultConfigurationName = Release;
		};
		B693D78B24CD300900146D00 /* Build configuration list for PBXNativeTarget "iDineTests" */ = {
			isa = XCConfigurationList;
			buildConfigurations = (
				B693D78C24CD300900146D00 /* Debug */,
				B693D78D24CD300900146D00 /* Release */,
			);
			defaultConfigurationIsVisible = 0;
			defaultConfigurationName = Release;
		};
		B693D78E24CD300900146D00 /* Build configuration list for PBXNativeTarget "iDineUITests" */ = {
			isa = XCConfigurationList;
			buildConfigurations = (
				B693D78F24CD300900146D00 /* Debug */,
				B693D79024CD300900146D00 /* Release */,
			);
			defaultConfigurationIsVisible = 0;
			defaultConfigurationName = Release;
		};
/* End XCConfigurationList section */
	};
	rootObject = B693D75B24CD300700146D00 /* Project object */;
}
